
Microsoft Visual Studio Solution File, Format Version 12.00
# Visual Studio 15
VisualStudioVersion = 15.0.28307.438
MinimumVisualStudioVersion = 10.0.40219.1
Project("{8BC9CEB8-8B4A-11D0-8D11-00A0C91BC942}") = "SCIIO", "SCIIO\SCIIO.vcxproj", "{BA6BE0D2-F091-4ECC-AFFA-C52AF200A0E4}"
EndProject
Project("{8BC9CEB8-8B4A-11D0-8D11-00A0C91BC942}") = "SCIPLC", "SCIPLC\SCIPLC.vcxproj", "{C09E9DA7-0E2C-41DF-BFCD-877D884224F6}"
EndProject
Project("{8BC9CEB8-8B4A-11D0-8D11-00A0C91BC942}") = "SCIRectifcation", "SCIRectifcation\SCIRectifcation.vcxproj", "{CFCC77A2-85C8-484B-975A-5BEA23A8DCA6}"
EndProject
Project("{8BC9CEB8-8B4A-11D0-8D11-00A0C91BC942}") = "CrashRecord", "CrashRecord\CrashRecord.vcxproj", "{C3FB0B40-522A-43CA-A5F0-25FAF2A0E5A8}"
EndProject
Project("{8BC9CEB8-8B4A-11D0-8D11-00A0C91BC942}") = "SCIMes", "SCIMes\SCIMes.vcxproj", "{DE389506-4C9A-4524-8519-9DF54D864F63}"
EndProject
Project("{8BC9CEB8-8B4A-11D0-8D11-00A0C91BC942}") = "SCILogView", "SCILogView\SCILogView.vcxproj", "{EFEC8B26-5CE6-43B1-8C49-F0501AB86523}"
EndProject
Project("{8BC9CEB8-8B4A-11D0-8D11-00A0C91BC942}") = "UpsControl", "UpsControl\UpsControl.vcxproj", "{4D69F45D-C027-4CEC-9ED3-36B67E1A1889}"
EndProject
Project("{8BC9CEB8-8B4A-11D0-8D11-00A0C91BC942}") = "Marking", "Marking\Marking.vcxproj", "{DE97F34B-E345-4972-B528-CD3B0E330C05}"
EndProject
Project("{8BC9CEB8-8B4A-11D0-8D11-00A0C91BC942}") = "LightControl", "LightControl\LightControl.vcxproj", "{CC0CAE45-C96B-4C99-B641-5C28D16EFB2E}"
EndProject
Project("{8BC9CEB8-8B4A-11D0-8D11-00A0C91BC942}") = "PowerLimit", "PowerLimit\PowerLimit.vcxproj", "{4E45EAC4-E6A7-4E88-B7F1-067CDEDB98CE}"
EndProject
Project("{8BC9CEB8-8B4A-11D0-8D11-00A0C91BC942}") = "Temperature", "Temperature\Temperature.vcxproj", "{CC684A49-2EC0-414D-A99B-31209D32E46D}"
EndProject
Project("{8BC9CEB8-8B4A-11D0-8D11-00A0C91BC942}") = "BatteriesVision", "BatteriesVision\BatteriesVision.vcxproj", "{33B69FFD-B153-4828-98C6-2C0FACEDC49F}"
EndProject
Project("{8BC9CEB8-8B4A-11D0-8D11-00A0C91BC942}") = "SCIMeasure", "SCIMeasure\SCISeparate.vcxproj", "{037D76D0-39C6-43B8-87AA-239BA606E113}"
EndProject
Project("{8BC9CEB8-8B4A-11D0-8D11-00A0C91BC942}") = "BetaRay", "BetaRay\BetaRay.vcxproj", "{4897EA02-AF52-4BD2-90EE-A02FC6FC041D}"
EndProject
Global
	GlobalSection(SolutionConfigurationPlatforms) = preSolution
		Debug|Win32 = Debug|Win32
		Debug|x64 = Debug|x64
		Release|Win32 = Release|Win32
		Release|x64 = Release|x64
	EndGlobalSection
	GlobalSection(ProjectConfigurationPlatforms) = postSolution
		{BA6BE0D2-F091-4ECC-AFFA-C52AF200A0E4}.Debug|Win32.ActiveCfg = Debug|Win32
		{BA6BE0D2-F091-4ECC-AFFA-C52AF200A0E4}.Debug|Win32.Build.0 = Debug|Win32
		{BA6BE0D2-F091-4ECC-AFFA-C52AF200A0E4}.Debug|x64.ActiveCfg = Debug|x64
		{BA6BE0D2-F091-4ECC-AFFA-C52AF200A0E4}.Debug|x64.Build.0 = Debug|x64
		{BA6BE0D2-F091-4ECC-AFFA-C52AF200A0E4}.Release|Win32.ActiveCfg = Release|Win32
		{BA6BE0D2-F091-4ECC-AFFA-C52AF200A0E4}.Release|Win32.Build.0 = Release|Win32
		{BA6BE0D2-F091-4ECC-AFFA-C52AF200A0E4}.Release|x64.ActiveCfg = Release|x64
		{BA6BE0D2-F091-4ECC-AFFA-C52AF200A0E4}.Release|x64.Build.0 = Release|x64
		{C09E9DA7-0E2C-41DF-BFCD-877D884224F6}.Debug|Win32.ActiveCfg = Debug|Win32
		{C09E9DA7-0E2C-41DF-BFCD-877D884224F6}.Debug|Win32.Build.0 = Debug|Win32
		{C09E9DA7-0E2C-41DF-BFCD-877D884224F6}.Debug|x64.ActiveCfg = Debug|x64
		{C09E9DA7-0E2C-41DF-BFCD-877D884224F6}.Debug|x64.Build.0 = Debug|x64
		{C09E9DA7-0E2C-41DF-BFCD-877D884224F6}.Release|Win32.ActiveCfg = Release|Win32
		{C09E9DA7-0E2C-41DF-BFCD-877D884224F6}.Release|Win32.Build.0 = Release|Win32
		{C09E9DA7-0E2C-41DF-BFCD-877D884224F6}.Release|x64.ActiveCfg = Release|x64
		{C09E9DA7-0E2C-41DF-BFCD-877D884224F6}.Release|x64.Build.0 = Release|x64
		{CFCC77A2-85C8-484B-975A-5BEA23A8DCA6}.Debug|Win32.ActiveCfg = Debug|Win32
		{CFCC77A2-85C8-484B-975A-5BEA23A8DCA6}.Debug|Win32.Build.0 = Debug|Win32
		{CFCC77A2-85C8-484B-975A-5BEA23A8DCA6}.Debug|x64.ActiveCfg = Debug|x64
		{CFCC77A2-85C8-484B-975A-5BEA23A8DCA6}.Debug|x64.Build.0 = Debug|x64
		{CFCC77A2-85C8-484B-975A-5BEA23A8DCA6}.Release|Win32.ActiveCfg = Release|Win32
		{CFCC77A2-85C8-484B-975A-5BEA23A8DCA6}.Release|Win32.Build.0 = Release|Win32
		{CFCC77A2-85C8-484B-975A-5BEA23A8DCA6}.Release|x64.ActiveCfg = Release|x64
		{CFCC77A2-85C8-484B-975A-5BEA23A8DCA6}.Release|x64.Build.0 = Release|x64
		{C3FB0B40-522A-43CA-A5F0-25FAF2A0E5A8}.Debug|Win32.ActiveCfg = Debug|Win32
		{C3FB0B40-522A-43CA-A5F0-25FAF2A0E5A8}.Debug|Win32.Build.0 = Debug|Win32
		{C3FB0B40-522A-43CA-A5F0-25FAF2A0E5A8}.Debug|x64.ActiveCfg = Debug|x64
		{C3FB0B40-522A-43CA-A5F0-25FAF2A0E5A8}.Debug|x64.Build.0 = Debug|x64
		{C3FB0B40-522A-43CA-A5F0-25FAF2A0E5A8}.Release|Win32.ActiveCfg = Release|Win32
		{C3FB0B40-522A-43CA-A5F0-25FAF2A0E5A8}.Release|Win32.Build.0 = Release|Win32
		{C3FB0B40-522A-43CA-A5F0-25FAF2A0E5A8}.Release|x64.ActiveCfg = Release|x64
		{C3FB0B40-522A-43CA-A5F0-25FAF2A0E5A8}.Release|x64.Build.0 = Release|x64
		{DE389506-4C9A-4524-8519-9DF54D864F63}.Debug|Win32.ActiveCfg = Debug|Win32
		{DE389506-4C9A-4524-8519-9DF54D864F63}.Debug|Win32.Build.0 = Debug|Win32
		{DE389506-4C9A-4524-8519-9DF54D864F63}.Debug|x64.ActiveCfg = Debug|x64
		{DE389506-4C9A-4524-8519-9DF54D864F63}.Debug|x64.Build.0 = Debug|x64
		{DE389506-4C9A-4524-8519-9DF54D864F63}.Release|Win32.ActiveCfg = Release|Win32
		{DE389506-4C9A-4524-8519-9DF54D864F63}.Release|Win32.Build.0 = Release|Win32
		{DE389506-4C9A-4524-8519-9DF54D864F63}.Release|x64.ActiveCfg = Release|x64
		{DE389506-4C9A-4524-8519-9DF54D864F63}.Release|x64.Build.0 = Release|x64
		{EFEC8B26-5CE6-43B1-8C49-F0501AB86523}.Debug|Win32.ActiveCfg = Debug|Win32
		{EFEC8B26-5CE6-43B1-8C49-F0501AB86523}.Debug|Win32.Build.0 = Debug|Win32
		{EFEC8B26-5CE6-43B1-8C49-F0501AB86523}.Debug|x64.ActiveCfg = Debug|x64
		{EFEC8B26-5CE6-43B1-8C49-F0501AB86523}.Debug|x64.Build.0 = Debug|x64
		{EFEC8B26-5CE6-43B1-8C49-F0501AB86523}.Release|Win32.ActiveCfg = Release|Win32
		{EFEC8B26-5CE6-43B1-8C49-F0501AB86523}.Release|Win32.Build.0 = Release|Win32
		{EFEC8B26-5CE6-43B1-8C49-F0501AB86523}.Release|x64.ActiveCfg = Release|x64
		{EFEC8B26-5CE6-43B1-8C49-F0501AB86523}.Release|x64.Build.0 = Release|x64
		{4D69F45D-C027-4CEC-9ED3-36B67E1A1889}.Debug|Win32.ActiveCfg = Debug|Win32
		{4D69F45D-C027-4CEC-9ED3-36B67E1A1889}.Debug|Win32.Build.0 = Debug|Win32
		{4D69F45D-C027-4CEC-9ED3-36B67E1A1889}.Debug|x64.ActiveCfg = Debug|x64
		{4D69F45D-C027-4CEC-9ED3-36B67E1A1889}.Debug|x64.Build.0 = Debug|x64
		{4D69F45D-C027-4CEC-9ED3-36B67E1A1889}.Release|Win32.ActiveCfg = Release|Win32
		{4D69F45D-C027-4CEC-9ED3-36B67E1A1889}.Release|Win32.Build.0 = Release|Win32
		{4D69F45D-C027-4CEC-9ED3-36B67E1A1889}.Release|x64.ActiveCfg = Release|x64
		{4D69F45D-C027-4CEC-9ED3-36B67E1A1889}.Release|x64.Build.0 = Release|x64
		{DE97F34B-E345-4972-B528-CD3B0E330C05}.Debug|Win32.ActiveCfg = Debug|Win32
		{DE97F34B-E345-4972-B528-CD3B0E330C05}.Debug|Win32.Build.0 = Debug|Win32
		{DE97F34B-E345-4972-B528-CD3B0E330C05}.Debug|x64.ActiveCfg = Debug|x64
		{DE97F34B-E345-4972-B528-CD3B0E330C05}.Debug|x64.Build.0 = Debug|x64
		{DE97F34B-E345-4972-B528-CD3B0E330C05}.Release|Win32.ActiveCfg = Release|Win32
		{DE97F34B-E345-4972-B528-CD3B0E330C05}.Release|Win32.Build.0 = Release|Win32
		{DE97F34B-E345-4972-B528-CD3B0E330C05}.Release|x64.ActiveCfg = Release|x64
		{DE97F34B-E345-4972-B528-CD3B0E330C05}.Release|x64.Build.0 = Release|x64
		{CC0CAE45-C96B-4C99-B641-5C28D16EFB2E}.Debug|Win32.ActiveCfg = Debug|Win32
		{CC0CAE45-C96B-4C99-B641-5C28D16EFB2E}.Debug|Win32.Build.0 = Debug|Win32
		{CC0CAE45-C96B-4C99-B641-5C28D16EFB2E}.Debug|x64.ActiveCfg = Debug|x64
		{CC0CAE45-C96B-4C99-B641-5C28D16EFB2E}.Debug|x64.Build.0 = Debug|x64
		{CC0CAE45-C96B-4C99-B641-5C28D16EFB2E}.Release|Win32.ActiveCfg = Release|Win32
		{CC0CAE45-C96B-4C99-B641-5C28D16EFB2E}.Release|Win32.Build.0 = Release|Win32
		{CC0CAE45-C96B-4C99-B641-5C28D16EFB2E}.Release|x64.ActiveCfg = Release|x64
		{CC0CAE45-C96B-4C99-B641-5C28D16EFB2E}.Release|x64.Build.0 = Release|x64
		{4E45EAC4-E6A7-4E88-B7F1-067CDEDB98CE}.Debug|Win32.ActiveCfg = Debug|Win32
		{4E45EAC4-E6A7-4E88-B7F1-067CDEDB98CE}.Debug|Win32.Build.0 = Debug|Win32
		{4E45EAC4-E6A7-4E88-B7F1-067CDEDB98CE}.Debug|x64.ActiveCfg = Debug|x64
		{4E45EAC4-E6A7-4E88-B7F1-067CDEDB98CE}.Debug|x64.Build.0 = Debug|x64
		{4E45EAC4-E6A7-4E88-B7F1-067CDEDB98CE}.Release|Win32.ActiveCfg = Release|Win32
		{4E45EAC4-E6A7-4E88-B7F1-067CDEDB98CE}.Release|Win32.Build.0 = Release|Win32
		{4E45EAC4-E6A7-4E88-B7F1-067CDEDB98CE}.Release|x64.ActiveCfg = Release|x64
		{4E45EAC4-E6A7-4E88-B7F1-067CDEDB98CE}.Release|x64.Build.0 = Release|x64
		{CC684A49-2EC0-414D-A99B-31209D32E46D}.Debug|Win32.ActiveCfg = Debug|Win32
		{CC684A49-2EC0-414D-A99B-31209D32E46D}.Debug|Win32.Build.0 = Debug|Win32
		{CC684A49-2EC0-414D-A99B-31209D32E46D}.Debug|x64.ActiveCfg = Debug|x64
		{CC684A49-2EC0-414D-A99B-31209D32E46D}.Debug|x64.Build.0 = Debug|x64
		{CC684A49-2EC0-414D-A99B-31209D32E46D}.Release|Win32.ActiveCfg = Release|Win32
		{CC684A49-2EC0-414D-A99B-31209D32E46D}.Release|Win32.Build.0 = Release|Win32
		{CC684A49-2EC0-414D-A99B-31209D32E46D}.Release|x64.ActiveCfg = Release|x64
		{CC684A49-2EC0-414D-A99B-31209D32E46D}.Release|x64.Build.0 = Release|x64
		{33B69FFD-B153-4828-98C6-2C0FACEDC49F}.Debug|Win32.ActiveCfg = Debug|Win32
		{33B69FFD-B153-4828-98C6-2C0FACEDC49F}.Debug|Win32.Build.0 = Debug|Win32
		{33B69FFD-B153-4828-98C6-2C0FACEDC49F}.Debug|x64.ActiveCfg = Debug|x64
		{33B69FFD-B153-4828-98C6-2C0FACEDC49F}.Debug|x64.Build.0 = Debug|x64
		{33B69FFD-B153-4828-98C6-2C0FACEDC49F}.Release|Win32.ActiveCfg = Release|Win32
		{33B69FFD-B153-4828-98C6-2C0FACEDC49F}.Release|Win32.Build.0 = Release|Win32
		{33B69FFD-B153-4828-98C6-2C0FACEDC49F}.Release|x64.ActiveCfg = Release|x64
		{33B69FFD-B153-4828-98C6-2C0FACEDC49F}.Release|x64.Build.0 = Release|x64
		{037D76D0-39C6-43B8-87AA-239BA606E113}.Debug|Win32.ActiveCfg = Debug|Win32
		{037D76D0-39C6-43B8-87AA-239BA606E113}.Debug|Win32.Build.0 = Debug|Win32
		{037D76D0-39C6-43B8-87AA-239BA606E113}.Debug|x64.ActiveCfg = Debug|x64
		{037D76D0-39C6-43B8-87AA-239BA606E113}.Debug|x64.Build.0 = Debug|x64
		{037D76D0-39C6-43B8-87AA-239BA606E113}.Release|Win32.ActiveCfg = Release|Win32
		{037D76D0-39C6-43B8-87AA-239BA606E113}.Release|Win32.Build.0 = Release|Win32
		{037D76D0-39C6-43B8-87AA-239BA606E113}.Release|x64.ActiveCfg = Release|x64
		{037D76D0-39C6-43B8-87AA-239BA606E113}.Release|x64.Build.0 = Release|x64
		{4897EA02-AF52-4BD2-90EE-A02FC6FC041D}.Debug|Win32.ActiveCfg = Debug|Win32
		{4897EA02-AF52-4BD2-90EE-A02FC6FC041D}.Debug|Win32.Build.0 = Debug|Win32
		{4897EA02-AF52-4BD2-90EE-A02FC6FC041D}.Debug|x64.ActiveCfg = Debug|x64
		{4897EA02-AF52-4BD2-90EE-A02FC6FC041D}.Debug|x64.Build.0 = Debug|x64
		{4897EA02-AF52-4BD2-90EE-A02FC6FC041D}.Release|Win32.ActiveCfg = Release|Win32
		{4897EA02-AF52-4BD2-90EE-A02FC6FC041D}.Release|Win32.Build.0 = Release|Win32
		{4897EA02-AF52-4BD2-90EE-A02FC6FC041D}.Release|x64.ActiveCfg = Release|x64
		{4897EA02-AF52-4BD2-90EE-A02FC6FC041D}.Release|x64.Build.0 = Release|x64
	EndGlobalSection
	GlobalSection(SolutionProperties) = preSolution
		HideSolutionNode = FALSE
	EndGlobalSection
	GlobalSection(ExtensibilityGlobals) = postSolution
		SolutionGuid = {9EB2D88C-C442-496F-B03F-74DCC26B1D60}
	EndGlobalSection
EndGlobal
