<?xml version="1.0" encoding="utf-8"?>
<Project ToolsVersion="4.0" xmlns="http://schemas.microsoft.com/developer/msbuild/2003">
  <ItemGroup>
    <Filter Include="源文件">
      <UniqueIdentifier>{4FC737F1-C7A5-4376-A066-2A32D752A2FF}</UniqueIdentifier>
      <Extensions>cpp;c;cc;cxx;def;odl;idl;hpj;bat;asm;asmx</Extensions>
    </Filter>
    <Filter Include="头文件">
      <UniqueIdentifier>{93995380-89BD-4b04-88EB-625FBE52EBFB}</UniqueIdentifier>
      <Extensions>h;hpp;hxx;hm;inl;inc;xsd</Extensions>
    </Filter>
    <Filter Include="资源文件">
      <UniqueIdentifier>{67DA6AB6-F800-4c08-8B7A-83BB121AAD01}</UniqueIdentifier>
      <Extensions>rc;ico;cur;bmp;dlg;rc2;rct;bin;rgs;gif;jpg;jpeg;jpe;resx;tiff;tif;png;wav;mfcribbon-ms</Extensions>
    </Filter>
  </ItemGroup>
  <ItemGroup>
    <None Include="ReadMe.txt" />
    <None Include="SCIMes.def">
      <Filter>源文件</Filter>
    </None>
    <None Include="res\SCIMes.rc2">
      <Filter>资源文件</Filter>
    </None>
    <None Include="Include\gSoap\EquToMesAlarmSoap.nsmap" />
  </ItemGroup>
  <ItemGroup>
    <ClCompile Include="SCIMes.cpp">
      <Filter>源文件</Filter>
    </ClCompile>
    <ClCompile Include="stdafx.cpp">
      <Filter>源文件</Filter>
    </ClCompile>
    <ClCompile Include="..\COMInclude\DH_HalconEx.cpp">
      <Filter>源文件</Filter>
    </ClCompile>
    <ClCompile Include="Include\json\cJSON.c">
      <Filter>源文件</Filter>
    </ClCompile>
    <ClCompile Include="Include\json\CJsonObject.cpp">
      <Filter>源文件</Filter>
    </ClCompile>
    <ClCompile Include="DlgInfo.cpp">
      <Filter>源文件</Filter>
    </ClCompile>
    <ClCompile Include="Record.cpp">
      <Filter>源文件</Filter>
    </ClCompile>
    <ClCompile Include="ProcessInfoCollect.cpp">
      <Filter>源文件</Filter>
    </ClCompile>
    <ClCompile Include="LockHelper.cpp">
      <Filter>源文件</Filter>
    </ClCompile>
    <ClCompile Include="CStringToolEx.cpp">
      <Filter>源文件</Filter>
    </ClCompile>
    <ClCompile Include="Include\gSoap\soapC.cpp">
      <Filter>源文件</Filter>
    </ClCompile>
    <ClCompile Include="Include\gSoap\soapEquToMesAlarmSoapProxy.cpp">
      <Filter>源文件</Filter>
    </ClCompile>
    <ClCompile Include="Include\gSoap\stdsoap2.cpp">
      <Filter>源文件</Filter>
    </ClCompile>
    <ClCompile Include="SoapMesLog.cpp">
      <Filter>源文件</Filter>
    </ClCompile>
    <ClCompile Include="MesCommon.cpp">
      <Filter>源文件</Filter>
    </ClCompile>
    <ClCompile Include="TcpMes.cpp">
      <Filter>源文件</Filter>
    </ClCompile>
    <ClCompile Include="Mes.cpp">
      <Filter>源文件</Filter>
    </ClCompile>
    <ClCompile Include="MesGSoap.cpp">
      <Filter>源文件</Filter>
    </ClCompile>
    <ClCompile Include="DlgMesSet.cpp">
      <Filter>源文件</Filter>
    </ClCompile>
    <ClCompile Include="DlgRecipes.cpp">
      <Filter>源文件</Filter>
    </ClCompile>
  </ItemGroup>
  <ItemGroup>
    <ClInclude Include="SCIMes.h">
      <Filter>头文件</Filter>
    </ClInclude>
    <ClInclude Include="stdafx.h">
      <Filter>头文件</Filter>
    </ClInclude>
    <ClInclude Include="targetver.h">
      <Filter>头文件</Filter>
    </ClInclude>
    <ClInclude Include="Resource.h">
      <Filter>头文件</Filter>
    </ClInclude>
    <ClInclude Include="DlgInfo.h">
      <Filter>头文件</Filter>
    </ClInclude>
    <ClInclude Include="Record.h">
      <Filter>头文件</Filter>
    </ClInclude>
    <ClInclude Include="ProcessInfoCollect.h">
      <Filter>头文件</Filter>
    </ClInclude>
    <ClInclude Include="LockHelper.h">
      <Filter>头文件</Filter>
    </ClInclude>
    <ClInclude Include="CStringToolEx.h">
      <Filter>头文件</Filter>
    </ClInclude>
    <ClInclude Include="MesDataType.h">
      <Filter>头文件</Filter>
    </ClInclude>
    <ClInclude Include="Include\gSoap\soapEquToMesAlarmSoapProxy.h">
      <Filter>头文件</Filter>
    </ClInclude>
    <ClInclude Include="Include\gSoap\soapH.h">
      <Filter>头文件</Filter>
    </ClInclude>
    <ClInclude Include="Include\gSoap\soapStub.h">
      <Filter>头文件</Filter>
    </ClInclude>
    <ClInclude Include="Include\gSoap\stdsoap2.h">
      <Filter>头文件</Filter>
    </ClInclude>
    <ClInclude Include="SoapMesLog.h">
      <Filter>头文件</Filter>
    </ClInclude>
    <ClInclude Include="MesCommon.h">
      <Filter>头文件</Filter>
    </ClInclude>
    <ClInclude Include="TcpMes.h">
      <Filter>头文件</Filter>
    </ClInclude>
    <ClInclude Include="Mes.h">
      <Filter>头文件</Filter>
    </ClInclude>
    <ClInclude Include="MesGSoap.h">
      <Filter>头文件</Filter>
    </ClInclude>
    <ClInclude Include="DlgMesSet.h">
      <Filter>头文件</Filter>
    </ClInclude>
    <ClInclude Include="DlgRecipes.h">
      <Filter>头文件</Filter>
    </ClInclude>
  </ItemGroup>
  <ItemGroup>
    <ResourceCompile Include="SCIMes.rc">
      <Filter>资源文件</Filter>
    </ResourceCompile>
  </ItemGroup>
</Project>