<?xml version="1.0" encoding="utf-8"?>
<Project ToolsVersion="4.0" xmlns="http://schemas.microsoft.com/developer/msbuild/2003">
  <ItemGroup>
    <ClCompile Include="DH_HalconEx.cpp" />
    <ClCompile Include="LockHelper.cpp" />
    <ClCompile Include="stdafx.cpp" />
    <ClCompile Include="Temperature.cpp" />
    <ClCompile Include="DlgSet.cpp" />
    <ClCompile Include="CRC32.cpp" />
    <ClCompile Include="BetaRay.cpp" />
  </ItemGroup>
  <ItemGroup>
    <ClInclude Include="DH_HalconEx.h" />
    <ClInclude Include="LockHelper.h" />
    <ClInclude Include="modbus.h" />
    <ClInclude Include="Resource.h" />
    <ClInclude Include="stdafx.h" />
    <ClInclude Include="targetver.h" />
    <ClInclude Include="Temperature.h" />
    <ClInclude Include="DlgSet.h" />
    <ClInclude Include="CRC32.h" />
    <ClInclude Include="BetaRay.h" />
  </ItemGroup>
  <ItemGroup>
    <ResourceCompile Include="Temperature.rc" />
  </ItemGroup>
  <ItemGroup>
    <None Include="res\Temperature.rc2" />
    <None Include="Temperature.def" />
  </ItemGroup>
  <ItemGroup>
    <Text Include="ReadMe.txt" />
  </ItemGroup>
</Project>