<?xml version="1.0" encoding="utf-8"?>
<Project ToolsVersion="4.0" xmlns="http://schemas.microsoft.com/developer/msbuild/2003">
  <ItemGroup>
    <Filter Include="源文件">
      <UniqueIdentifier>{4FC737F1-C7A5-4376-A066-2A32D752A2FF}</UniqueIdentifier>
      <Extensions>cpp;c;cc;cxx;def;odl;idl;hpj;bat;asm;asmx</Extensions>
    </Filter>
    <Filter Include="头文件">
      <UniqueIdentifier>{93995380-89BD-4b04-88EB-625FBE52EBFB}</UniqueIdentifier>
      <Extensions>h;hpp;hxx;hm;inl;inc;xsd</Extensions>
    </Filter>
    <Filter Include="资源文件">
      <UniqueIdentifier>{67DA6AB6-F800-4c08-8B7A-83BB121AAD01}</UniqueIdentifier>
      <Extensions>rc;ico;cur;bmp;dlg;rc2;rct;bin;rgs;gif;jpg;jpeg;jpe;resx;tiff;tif;png;wav;mfcribbon-ms</Extensions>
    </Filter>
  </ItemGroup>
  <ItemGroup>
    <None Include="ReadMe.txt" />
    <None Include="res\BatteriesVision.rc2">
      <Filter>资源文件</Filter>
    </None>
    <None Include="res\BatteriesVision.ico">
      <Filter>资源文件</Filter>
    </None>
    <None Include="res\logo_y_512_512.ico">
      <Filter>资源文件</Filter>
    </None>
  </ItemGroup>
  <ItemGroup>
    <ClInclude Include="BatteriesVision.h">
      <Filter>头文件</Filter>
    </ClInclude>
    <ClInclude Include="BatteriesVisionDlg.h">
      <Filter>头文件</Filter>
    </ClInclude>
    <ClInclude Include="stdafx.h">
      <Filter>头文件</Filter>
    </ClInclude>
    <ClInclude Include="targetver.h">
      <Filter>头文件</Filter>
    </ClInclude>
    <ClInclude Include="Resource.h">
      <Filter>头文件</Filter>
    </ClInclude>
    <ClInclude Include="Define.h">
      <Filter>头文件</Filter>
    </ClInclude>
    <ClInclude Include="BaseTmpl.h">
      <Filter>头文件</Filter>
    </ClInclude>
    <ClInclude Include="AlgorithmTool.h">
      <Filter>头文件</Filter>
    </ClInclude>
    <ClInclude Include="Counter.h">
      <Filter>头文件</Filter>
    </ClInclude>
    <ClInclude Include="Global.h">
      <Filter>头文件</Filter>
    </ClInclude>
    <ClInclude Include="GrabberTool.h">
      <Filter>头文件</Filter>
    </ClInclude>
    <ClInclude Include="Log.h">
      <Filter>头文件</Filter>
    </ClInclude>
    <ClInclude Include="Process.h">
      <Filter>头文件</Filter>
    </ClInclude>
    <ClInclude Include="ProductTool.h">
      <Filter>头文件</Filter>
    </ClInclude>
    <ClInclude Include="SubDispList.h">
      <Filter>头文件</Filter>
    </ClInclude>
    <ClInclude Include="SubDispScope.h">
      <Filter>头文件</Filter>
    </ClInclude>
    <ClInclude Include="OScopeCtrl.h">
      <Filter>头文件</Filter>
    </ClInclude>
    <ClInclude Include="CxStatic.h">
      <Filter>头文件</Filter>
    </ClInclude>
    <ClInclude Include="Permission.h">
      <Filter>头文件</Filter>
    </ClInclude>
    <ClInclude Include="DlgSwitchBatch.h">
      <Filter>头文件</Filter>
    </ClInclude>
    <ClInclude Include="DlgViewLog.h">
      <Filter>头文件</Filter>
    </ClInclude>
    <ClInclude Include="DlgLoading.h">
      <Filter>头文件</Filter>
    </ClInclude>
    <ClInclude Include="TabCtrlExt.h">
      <Filter>头文件</Filter>
    </ClInclude>
    <ClInclude Include="SubDispSetting.h">
      <Filter>头文件</Filter>
    </ClInclude>
    <ClInclude Include="PageSystemSet.h">
      <Filter>头文件</Filter>
    </ClInclude>
    <ClInclude Include="Storage.h">
      <Filter>头文件</Filter>
    </ClInclude>
    <ClInclude Include="PageCameraSet.h">
      <Filter>头文件</Filter>
    </ClInclude>
    <ClInclude Include="PageAlgSet.h">
      <Filter>头文件</Filter>
    </ClInclude>
    <ClInclude Include="PageStorageSet.h">
      <Filter>头文件</Filter>
    </ClInclude>
    <ClInclude Include="PageCommunicationSet.h">
      <Filter>头文件</Filter>
    </ClInclude>
    <ClInclude Include="PageProductSet.h">
      <Filter>头文件</Filter>
    </ClInclude>
    <ClInclude Include="PageOtherSet.h">
      <Filter>头文件</Filter>
    </ClInclude>
    <ClInclude Include="Language.h">
      <Filter>头文件</Filter>
    </ClInclude>
    <ClInclude Include="CommunicationTool.h">
      <Filter>头文件</Filter>
    </ClInclude>
    <ClInclude Include="PageDispList.h">
      <Filter>头文件</Filter>
    </ClInclude>
    <ClInclude Include="PageDispList2.h">
      <Filter>头文件</Filter>
    </ClInclude>
    <ClInclude Include="PageDispList3.h">
      <Filter>头文件</Filter>
    </ClInclude>
    <ClInclude Include="AboutDlg.h">
      <Filter>头文件</Filter>
    </ClInclude>
    <ClInclude Include="Judge.h">
      <Filter>头文件</Filter>
    </ClInclude>
    <ClInclude Include="PageDispList4.h">
      <Filter>头文件</Filter>
    </ClInclude>
    <ClInclude Include="ProgressCtrlExt.h">
      <Filter>头文件</Filter>
    </ClInclude>
    <ClInclude Include="TitleStatic.h">
      <Filter>头文件</Filter>
    </ClInclude>
    <ClInclude Include="DataFilter.h">
      <Filter>头文件</Filter>
    </ClInclude>
    <ClInclude Include="DlgDataFilterSet.h">
      <Filter>头文件</Filter>
    </ClInclude>
    <ClInclude Include="MSA.h">
      <Filter>头文件</Filter>
    </ClInclude>
    <ClInclude Include="Upload.h">
      <Filter>头文件</Filter>
    </ClInclude>
    <ClInclude Include="Project.h">
      <Filter>头文件</Filter>
    </ClInclude>
    <ClInclude Include="Speed.h">
      <Filter>头文件</Filter>
    </ClInclude>
    <ClInclude Include="Callback.h">
      <Filter>头文件</Filter>
    </ClInclude>
    <ClInclude Include="FoolProofing.h">
      <Filter>头文件</Filter>
    </ClInclude>
    <ClInclude Include="ErrorInfo.h">
      <Filter>头文件</Filter>
    </ClInclude>
    <ClInclude Include="DlgAlarm.h">
      <Filter>头文件</Filter>
    </ClInclude>
    <ClInclude Include="DataCalculate.h">
      <Filter>头文件</Filter>
    </ClInclude>
    <ClInclude Include="DlgSimulateSet.h">
      <Filter>头文件</Filter>
    </ClInclude>
    <ClInclude Include="SubMainDisp.h">
      <Filter>头文件</Filter>
    </ClInclude>
    <ClInclude Include="DlgIPSet.h">
      <Filter>头文件</Filter>
    </ClInclude>
    <ClInclude Include="tinystr.h">
      <Filter>头文件</Filter>
    </ClInclude>
    <ClInclude Include="tinyxml.h">
      <Filter>头文件</Filter>
    </ClInclude>
    <ClInclude Include="DlgManualMatic.h">
      <Filter>头文件</Filter>
    </ClInclude>
    <ClInclude Include="DlgSemiAutoMatic.h">
      <Filter>头文件</Filter>
    </ClInclude>
    <ClInclude Include="DlgK.h">
      <Filter>头文件</Filter>
    </ClInclude>
    <ClInclude Include="DlgAutoMatic.h">
      <Filter>头文件</Filter>
    </ClInclude>
    <ClInclude Include="CoatSketchStatic.h">
      <Filter>头文件</Filter>
    </ClInclude>
    <ClInclude Include="DlgAlarmSet.h">
      <Filter>头文件</Filter>
    </ClInclude>
    <ClInclude Include="DlgTip.h">
      <Filter>头文件</Filter>
    </ClInclude>
  </ItemGroup>
  <ItemGroup>
    <ClCompile Include="BatteriesVision.cpp">
      <Filter>源文件</Filter>
    </ClCompile>
    <ClCompile Include="BatteriesVisionDlg.cpp">
      <Filter>源文件</Filter>
    </ClCompile>
    <ClCompile Include="stdafx.cpp">
      <Filter>源文件</Filter>
    </ClCompile>
    <ClCompile Include="..\COMInclude\DH_HalconEx.cpp">
      <Filter>源文件</Filter>
    </ClCompile>
    <ClCompile Include="BaseTmpl.cpp">
      <Filter>源文件</Filter>
    </ClCompile>
    <ClCompile Include="AlgorithmTool.cpp">
      <Filter>源文件</Filter>
    </ClCompile>
    <ClCompile Include="Counter.cpp">
      <Filter>源文件</Filter>
    </ClCompile>
    <ClCompile Include="Global.cpp">
      <Filter>源文件</Filter>
    </ClCompile>
    <ClCompile Include="GrabberTool.cpp">
      <Filter>源文件</Filter>
    </ClCompile>
    <ClCompile Include="Log.cpp">
      <Filter>源文件</Filter>
    </ClCompile>
    <ClCompile Include="Process.cpp">
      <Filter>源文件</Filter>
    </ClCompile>
    <ClCompile Include="ProductTool.cpp">
      <Filter>源文件</Filter>
    </ClCompile>
    <ClCompile Include="SubDispList.cpp">
      <Filter>源文件</Filter>
    </ClCompile>
    <ClCompile Include="SubDispScope.cpp">
      <Filter>源文件</Filter>
    </ClCompile>
    <ClCompile Include="OScopeCtrl.cpp">
      <Filter>源文件</Filter>
    </ClCompile>
    <ClCompile Include="CxStatic.cpp">
      <Filter>源文件</Filter>
    </ClCompile>
    <ClCompile Include="Permission.cpp">
      <Filter>源文件</Filter>
    </ClCompile>
    <ClCompile Include="DlgSwitchBatch.cpp">
      <Filter>源文件</Filter>
    </ClCompile>
    <ClCompile Include="DlgViewLog.cpp">
      <Filter>源文件</Filter>
    </ClCompile>
    <ClCompile Include="DlgLoading.cpp">
      <Filter>源文件</Filter>
    </ClCompile>
    <ClCompile Include="TabCtrlExt.cpp">
      <Filter>源文件</Filter>
    </ClCompile>
    <ClCompile Include="BaseTabCtrl.cpp">
      <Filter>源文件</Filter>
    </ClCompile>
    <ClCompile Include="SubDispSetting.cpp">
      <Filter>源文件</Filter>
    </ClCompile>
    <ClCompile Include="PageSystemSet.cpp">
      <Filter>源文件</Filter>
    </ClCompile>
    <ClCompile Include="Storage.cpp">
      <Filter>源文件</Filter>
    </ClCompile>
    <ClCompile Include="PageCameraSet.cpp">
      <Filter>源文件</Filter>
    </ClCompile>
    <ClCompile Include="PageAlgSet.cpp">
      <Filter>源文件</Filter>
    </ClCompile>
    <ClCompile Include="PageStorageSet.cpp">
      <Filter>源文件</Filter>
    </ClCompile>
    <ClCompile Include="PageCommunicationSet.cpp">
      <Filter>源文件</Filter>
    </ClCompile>
    <ClCompile Include="PageProductSet.cpp">
      <Filter>源文件</Filter>
    </ClCompile>
    <ClCompile Include="PageOtherSet.cpp">
      <Filter>源文件</Filter>
    </ClCompile>
    <ClCompile Include="Language.cpp">
      <Filter>源文件</Filter>
    </ClCompile>
    <ClCompile Include="CommunicationTool.cpp">
      <Filter>源文件</Filter>
    </ClCompile>
    <ClCompile Include="PageDispList.cpp">
      <Filter>源文件</Filter>
    </ClCompile>
    <ClCompile Include="PageDispList2.cpp">
      <Filter>源文件</Filter>
    </ClCompile>
    <ClCompile Include="PageDispList3.cpp">
      <Filter>源文件</Filter>
    </ClCompile>
    <ClCompile Include="CustomProperties.cpp">
      <Filter>源文件</Filter>
    </ClCompile>
    <ClCompile Include="AboutDlg.cpp">
      <Filter>源文件</Filter>
    </ClCompile>
    <ClCompile Include="Judge.cpp">
      <Filter>源文件</Filter>
    </ClCompile>
    <ClCompile Include="PageDispList4.cpp">
      <Filter>源文件</Filter>
    </ClCompile>
    <ClCompile Include="ProgressCtrlExt.cpp">
      <Filter>源文件</Filter>
    </ClCompile>
    <ClCompile Include="TitleStatic.cpp">
      <Filter>源文件</Filter>
    </ClCompile>
    <ClCompile Include="DataFilter.cpp">
      <Filter>源文件</Filter>
    </ClCompile>
    <ClCompile Include="DlgDataFilterSet.cpp">
      <Filter>源文件</Filter>
    </ClCompile>
    <ClCompile Include="MSA.cpp">
      <Filter>源文件</Filter>
    </ClCompile>
    <ClCompile Include="Upload.cpp">
      <Filter>源文件</Filter>
    </ClCompile>
    <ClCompile Include="Project.cpp">
      <Filter>源文件</Filter>
    </ClCompile>
    <ClCompile Include="..\COMInclude\BaseFunction.cpp">
      <Filter>源文件</Filter>
    </ClCompile>
    <ClCompile Include="Speed.cpp">
      <Filter>源文件</Filter>
    </ClCompile>
    <ClCompile Include="Callback.cpp">
      <Filter>源文件</Filter>
    </ClCompile>
    <ClCompile Include="FoolProofing.cpp">
      <Filter>源文件</Filter>
    </ClCompile>
    <ClCompile Include="ErrorInfo.cpp">
      <Filter>源文件</Filter>
    </ClCompile>
    <ClCompile Include="DlgAlarm.cpp">
      <Filter>源文件</Filter>
    </ClCompile>
    <ClCompile Include="DataCalculate.cpp">
      <Filter>源文件</Filter>
    </ClCompile>
    <ClCompile Include="DlgSimulateSet.cpp">
      <Filter>源文件</Filter>
    </ClCompile>
    <ClCompile Include="SubMainDisp.cpp">
      <Filter>源文件</Filter>
    </ClCompile>
    <ClCompile Include="DlgIPSet.cpp">
      <Filter>源文件</Filter>
    </ClCompile>
    <ClCompile Include="tinystr.cpp">
      <Filter>源文件</Filter>
    </ClCompile>
    <ClCompile Include="tinyxml.cpp">
      <Filter>源文件</Filter>
    </ClCompile>
    <ClCompile Include="tinyxmlerror.cpp">
      <Filter>源文件</Filter>
    </ClCompile>
    <ClCompile Include="tinyxmlparser.cpp">
      <Filter>源文件</Filter>
    </ClCompile>
    <ClCompile Include="DlgManualMatic.cpp">
      <Filter>源文件</Filter>
    </ClCompile>
    <ClCompile Include="DlgSemiAutoMatic.cpp">
      <Filter>源文件</Filter>
    </ClCompile>
    <ClCompile Include="DlgK.cpp">
      <Filter>源文件</Filter>
    </ClCompile>
    <ClCompile Include="DlgAutoMatic.cpp">
      <Filter>源文件</Filter>
    </ClCompile>
    <ClCompile Include="CoatSketchStatic.cpp">
      <Filter>源文件</Filter>
    </ClCompile>
    <ClCompile Include="DlgAlarmSet.cpp">
      <Filter>源文件</Filter>
    </ClCompile>
    <ClCompile Include="DlgTip.cpp">
      <Filter>源文件</Filter>
    </ClCompile>
  </ItemGroup>
  <ItemGroup>
    <ResourceCompile Include="BatteriesVision.rc">
      <Filter>资源文件</Filter>
    </ResourceCompile>
  </ItemGroup>
</Project>